
Microsoft Visual Studio Solution File, Format Version 12.00
# Visual Studio 14
VisualStudioVersion = 14.0.25420.1
MinimumVisualStudioVersion = 10.0.40219.1
Project("{FAE04EC0-301F-11D3-BF4B-00C04F79EFBC}") = "SGVEC", "SGVEC\SGVEC.csproj", "{46552DD7-DAF8-4725-A637-45D515C26A6E}"
EndProject
Global
	GlobalSection(SolutionConfigurationPlatforms) = preSolution
		Debug|Any CPU = Debug|Any CPU
		Release|Any CPU = Release|Any CPU
	EndGlobalSection
	GlobalSection(ProjectConfigurationPlatforms) = postSolution
		{46552DD7-DAF8-4725-A637-45D515C26A6E}.Debug|Any CPU.ActiveCfg = Debug|Any CPU
		{46552DD7-DAF8-4725-A637-45D515C26A6E}.Debug|Any CPU.Build.0 = Debug|Any CPU
		{46552DD7-DAF8-4725-A637-45D515C26A6E}.Release|Any CPU.ActiveCfg = Release|Any CPU
		{46552DD7-DAF8-4725-A637-45D515C26A6E}.Release|Any CPU.Build.0 = Release|Any CPU
	EndGlobalSection
	GlobalSection(SolutionProperties) = preSolution
		HideSolutionNode = FALSE
	EndGlobalSection
	GlobalSection(ExtensibilityGlobals) = postSolution
		SolutionGuid = {0C03F768-3ECA-4EC9-8AFE-7322DE59A0AA}
	EndGlobalSection
EndGlobal
